{
  "version": 4,
  "terraform_version": "1.0.11",
  "serial": 16,
  "lineage": "1c3fef95-696d-c2b4-8dde-276dea034450",
  "outputs": {
    "linux_vm_public_name": {
      "value": [
        "tdarlington-sample-server.eastus.cloudapp.azure.com"
      ],
      "type": [
        "tuple",
        [
          "string"
        ]
      ]
    },
    "website_url": {
      "value": "https://staticwebsitetdarlington.blob.core.windows.net/web/index.html",
      "type": "string"
    }
  },
  "resources": [
    {
      "module": "module.linuxservers",
      "mode": "data",
      "type": "azurerm_public_ip",
      "name": "vm",
      "provider": "provider[\"registry.terraform.io/hashicorp/azurerm\"]",
      "instances": [
        {
          "index_key": 0,
          "schema_version": 0,
          "attributes": {
            "allocation_method": "Dynamic",
            "domain_name_label": "tdarlington-sample-server",
            "fqdn": "tdarlington-sample-server.eastus.cloudapp.azure.com",
            "id": "/subscriptions/02cb372f-c8c5-4a0c-b9f4-574eeb4d6d38/resourceGroups/2021-fall-tdarlington-rg/providers/Microsoft.Network/publicIPAddresses/Tom-VM-pip-0",
            "idle_timeout_in_minutes": 4,
            "ip_address": "20.124.20.113",
            "ip_version": "IPv4",
            "location": "eastus",
            "name": "Tom-VM-pip-0",
            "resource_group_name": "2021-fall-tdarlington-rg",
            "reverse_fqdn": "",
            "sku": "Basic",
            "tags": {
              "source": "terraform"
            },
            "timeouts": null,
            "zones": []
          },
          "sensitive_attributes": []
        }
      ]
    },
    {
      "module": "module.linuxservers",
      "mode": "data",
      "type": "azurerm_resource_group",
      "name": "vm",
      "provider": "provider[\"registry.terraform.io/hashicorp/azurerm\"]",
      "instances": [
        {
          "schema_version": 0,
          "attributes": {
            "id": "/subscriptions/02cb372f-c8c5-4a0c-b9f4-574eeb4d6d38/resourceGroups/2021-fall-tdarlington-rg",
            "location": "eastus",
            "name": "2021-fall-tdarlington-rg",
            "tags": {},
            "timeouts": null
          },
          "sensitive_attributes": []
        }
      ]
    },
    {
      "module": "module.linuxservers",
      "mode": "managed",
      "type": "azurerm_availability_set",
      "name": "vm",
      "provider": "provider[\"registry.terraform.io/hashicorp/azurerm\"]",
      "instances": [
        {
          "schema_version": 0,
          "attributes": {
            "id": "/subscriptions/02cb372f-c8c5-4a0c-b9f4-574eeb4d6d38/resourceGroups/2021-fall-tdarlington-rg/providers/Microsoft.Compute/availabilitySets/Tom-VM-avset",
            "location": "eastus",
            "managed": true,
            "name": "Tom-VM-avset",
            "platform_fault_domain_count": 2,
            "platform_update_domain_count": 2,
            "proximity_placement_group_id": null,
            "resource_group_name": "2021-fall-tdarlington-rg",
            "tags": {
              "source": "terraform"
            },
            "timeouts": null
          },
          "sensitive_attributes": [],
          "private": "eyJlMmJmYjczMC1lY2FhLTExZTYtOGY4OC0zNDM2M2JjN2M0YzAiOnsiY3JlYXRlIjoxODAwMDAwMDAwMDAwLCJkZWxldGUiOjE4MDAwMDAwMDAwMDAsInJlYWQiOjMwMDAwMDAwMDAwMCwidXBkYXRlIjoxODAwMDAwMDAwMDAwfX0=",
          "dependencies": [
            "module.linuxservers.data.azurerm_resource_group.vm"
          ]
        }
      ]
    },
    {
      "module": "module.linuxservers",
      "mode": "managed",
      "type": "azurerm_network_interface",
      "name": "vm",
      "provider": "provider[\"registry.terraform.io/hashicorp/azurerm\"]",
      "instances": [
        {
          "index_key": 0,
          "schema_version": 0,
          "attributes": {
            "applied_dns_servers": [],
            "dns_servers": [],
            "enable_accelerated_networking": false,
            "enable_ip_forwarding": false,
            "id": "/subscriptions/02cb372f-c8c5-4a0c-b9f4-574eeb4d6d38/resourceGroups/2021-fall-tdarlington-rg/providers/Microsoft.Network/networkInterfaces/Tom-VM-nic-0",
            "internal_dns_name_label": "",
            "internal_domain_name_suffix": "nxzes4gfyf2ebl3n0stq2exnbe.bx.internal.cloudapp.net",
            "ip_configuration": [
              {
                "name": "Tom-VM-ip-0",
                "primary": true,
                "private_ip_address": "10.0.1.4",
                "private_ip_address_allocation": "Dynamic",
                "private_ip_address_version": "IPv4",
                "public_ip_address_id": "/subscriptions/02cb372f-c8c5-4a0c-b9f4-574eeb4d6d38/resourceGroups/2021-fall-tdarlington-rg/providers/Microsoft.Network/publicIPAddresses/Tom-VM-pip-0",
                "subnet_id": "/subscriptions/02cb372f-c8c5-4a0c-b9f4-574eeb4d6d38/resourceGroups/2021-fall-tdarlington-rg/providers/Microsoft.Network/virtualNetworks/acctvnet/subnets/subnet1"
              }
            ],
            "location": "eastus",
            "mac_address": "00-0D-3A-1E-4E-FF",
            "name": "Tom-VM-nic-0",
            "private_ip_address": "10.0.1.4",
            "private_ip_addresses": [
              "10.0.1.4"
            ],
            "resource_group_name": "2021-fall-tdarlington-rg",
            "tags": {
              "source": "terraform"
            },
            "timeouts": null,
            "virtual_machine_id": "/subscriptions/02cb372f-c8c5-4a0c-b9f4-574eeb4d6d38/resourceGroups/2021-fall-tdarlington-rg/providers/Microsoft.Compute/virtualMachines/Tom-VM-vmLinux-0"
          },
          "sensitive_attributes": [],
          "private": "eyJlMmJmYjczMC1lY2FhLTExZTYtOGY4OC0zNDM2M2JjN2M0YzAiOnsiY3JlYXRlIjoxODAwMDAwMDAwMDAwLCJkZWxldGUiOjE4MDAwMDAwMDAwMDAsInJlYWQiOjMwMDAwMDAwMDAwMCwidXBkYXRlIjoxODAwMDAwMDAwMDAwfX0=",
          "dependencies": [
            "module.network.data.azurerm_resource_group.network",
            "module.linuxservers.azurerm_public_ip.vm",
            "module.linuxservers.data.azurerm_resource_group.vm",
            "module.network.azurerm_subnet.subnet",
            "module.network.azurerm_virtual_network.vnet"
          ]
        }
      ]
    },
    {
      "module": "module.linuxservers",
      "mode": "managed",
      "type": "azurerm_network_interface_security_group_association",
      "name": "test",
      "provider": "provider[\"registry.terraform.io/hashicorp/azurerm\"]",
      "instances": [
        {
          "index_key": 0,
          "schema_version": 0,
          "attributes": {
            "id": "/subscriptions/02cb372f-c8c5-4a0c-b9f4-574eeb4d6d38/resourceGroups/2021-fall-tdarlington-rg/providers/Microsoft.Network/networkInterfaces/Tom-VM-nic-0|/subscriptions/02cb372f-c8c5-4a0c-b9f4-574eeb4d6d38/resourceGroups/2021-fall-tdarlington-rg/providers/Microsoft.Network/networkSecurityGroups/Tom-VM-nsg",
            "network_interface_id": "/subscriptions/02cb372f-c8c5-4a0c-b9f4-574eeb4d6d38/resourceGroups/2021-fall-tdarlington-rg/providers/Microsoft.Network/networkInterfaces/Tom-VM-nic-0",
            "network_security_group_id": "/subscriptions/02cb372f-c8c5-4a0c-b9f4-574eeb4d6d38/resourceGroups/2021-fall-tdarlington-rg/providers/Microsoft.Network/networkSecurityGroups/Tom-VM-nsg",
            "timeouts": null
          },
          "sensitive_attributes": [],
          "private": "eyJlMmJmYjczMC1lY2FhLTExZTYtOGY4OC0zNDM2M2JjN2M0YzAiOnsiY3JlYXRlIjoxODAwMDAwMDAwMDAwLCJkZWxldGUiOjE4MDAwMDAwMDAwMDAsInJlYWQiOjMwMDAwMDAwMDAwMCwidXBkYXRlIjoxODAwMDAwMDAwMDAwfX0=",
          "dependencies": [
            "module.linuxservers.azurerm_public_ip.vm",
            "module.linuxservers.data.azurerm_resource_group.vm",
            "module.network.azurerm_subnet.subnet",
            "module.network.azurerm_virtual_network.vnet",
            "module.network.data.azurerm_resource_group.network",
            "module.linuxservers.azurerm_network_interface.vm",
            "module.linuxservers.azurerm_network_security_group.vm"
          ]
        }
      ]
    },
    {
      "module": "module.linuxservers",
      "mode": "managed",
      "type": "azurerm_network_security_group",
      "name": "vm",
      "provider": "provider[\"registry.terraform.io/hashicorp/azurerm\"]",
      "instances": [
        {
          "schema_version": 0,
          "attributes": {
            "id": "/subscriptions/02cb372f-c8c5-4a0c-b9f4-574eeb4d6d38/resourceGroups/2021-fall-tdarlington-rg/providers/Microsoft.Network/networkSecurityGroups/Tom-VM-nsg",
            "location": "eastus",
            "name": "Tom-VM-nsg",
            "resource_group_name": "2021-fall-tdarlington-rg",
            "security_rule": [
              {
                "access": "Allow",
                "description": "Allow remote protocol in from all locations",
                "destination_address_prefix": "*",
                "destination_address_prefixes": [],
                "destination_application_security_group_ids": [],
                "destination_port_range": "22",
                "destination_port_ranges": [],
                "direction": "Inbound",
                "name": "allow_remote_22_in_all",
                "priority": 101,
                "protocol": "Tcp",
                "source_address_prefix": "",
                "source_address_prefixes": [
                  "0.0.0.0/0"
                ],
                "source_application_security_group_ids": [],
                "source_port_range": "*",
                "source_port_ranges": []
              }
            ],
            "tags": {
              "source": "terraform"
            },
            "timeouts": null
          },
          "sensitive_attributes": [],
          "private": "eyJlMmJmYjczMC1lY2FhLTExZTYtOGY4OC0zNDM2M2JjN2M0YzAiOnsiY3JlYXRlIjoxODAwMDAwMDAwMDAwLCJkZWxldGUiOjE4MDAwMDAwMDAwMDAsInJlYWQiOjMwMDAwMDAwMDAwMCwidXBkYXRlIjoxODAwMDAwMDAwMDAwfX0=",
          "dependencies": [
            "module.linuxservers.data.azurerm_resource_group.vm"
          ]
        }
      ]
    },
    {
      "module": "module.linuxservers",
      "mode": "managed",
      "type": "azurerm_network_security_rule",
      "name": "vm",
      "provider": "provider[\"registry.terraform.io/hashicorp/azurerm\"]",
      "instances": [
        {
          "index_key": 0,
          "schema_version": 0,
          "attributes": {
            "access": "Allow",
            "description": "Allow remote protocol in from all locations",
            "destination_address_prefix": "*",
            "destination_address_prefixes": [],
            "destination_application_security_group_ids": [],
            "destination_port_range": "22",
            "destination_port_ranges": [],
            "direction": "Inbound",
            "id": "/subscriptions/02cb372f-c8c5-4a0c-b9f4-574eeb4d6d38/resourceGroups/2021-fall-tdarlington-rg/providers/Microsoft.Network/networkSecurityGroups/Tom-VM-nsg/securityRules/allow_remote_22_in_all",
            "name": "allow_remote_22_in_all",
            "network_security_group_name": "Tom-VM-nsg",
            "priority": 101,
            "protocol": "Tcp",
            "resource_group_name": "2021-fall-tdarlington-rg",
            "source_address_prefix": "",
            "source_address_prefixes": [
              "0.0.0.0/0"
            ],
            "source_application_security_group_ids": [],
            "source_port_range": "*",
            "source_port_ranges": [],
            "timeouts": null
          },
          "sensitive_attributes": [],
          "private": "eyJlMmJmYjczMC1lY2FhLTExZTYtOGY4OC0zNDM2M2JjN2M0YzAiOnsiY3JlYXRlIjoxODAwMDAwMDAwMDAwLCJkZWxldGUiOjE4MDAwMDAwMDAwMDAsInJlYWQiOjMwMDAwMDAwMDAwMCwidXBkYXRlIjoxODAwMDAwMDAwMDAwfX0=",
          "dependencies": [
            "module.linuxservers.azurerm_network_security_group.vm",
            "module.linuxservers.data.azurerm_resource_group.vm"
          ]
        }
      ]
    },
    {
      "module": "module.linuxservers",
      "mode": "managed",
      "type": "azurerm_public_ip",
      "name": "vm",
      "provider": "provider[\"registry.terraform.io/hashicorp/azurerm\"]",
      "instances": [
        {
          "index_key": 0,
          "schema_version": 0,
          "attributes": {
            "allocation_method": "Dynamic",
            "domain_name_label": "tdarlington-sample-server",
            "fqdn": "tdarlington-sample-server.eastus.cloudapp.azure.com",
            "id": "/subscriptions/02cb372f-c8c5-4a0c-b9f4-574eeb4d6d38/resourceGroups/2021-fall-tdarlington-rg/providers/Microsoft.Network/publicIPAddresses/Tom-VM-pip-0",
            "idle_timeout_in_minutes": 4,
            "ip_address": "20.124.20.113",
            "ip_version": "IPv4",
            "location": "eastus",
            "name": "Tom-VM-pip-0",
            "public_ip_prefix_id": null,
            "resource_group_name": "2021-fall-tdarlington-rg",
            "reverse_fqdn": "",
            "sku": "Basic",
            "tags": {
              "source": "terraform"
            },
            "timeouts": null,
            "zones": []
          },
          "sensitive_attributes": [],
          "private": "eyJlMmJmYjczMC1lY2FhLTExZTYtOGY4OC0zNDM2M2JjN2M0YzAiOnsiY3JlYXRlIjoxODAwMDAwMDAwMDAwLCJkZWxldGUiOjE4MDAwMDAwMDAwMDAsInJlYWQiOjMwMDAwMDAwMDAwMCwidXBkYXRlIjoxODAwMDAwMDAwMDAwfX0=",
          "dependencies": [
            "module.linuxservers.data.azurerm_resource_group.vm"
          ]
        }
      ]
    },
    {
      "module": "module.linuxservers",
      "mode": "managed",
      "type": "azurerm_virtual_machine",
      "name": "vm-linux",
      "provider": "provider[\"registry.terraform.io/hashicorp/azurerm\"]",
      "instances": [
        {
          "index_key": 0,
          "schema_version": 0,
          "attributes": {
            "additional_capabilities": [],
            "availability_set_id": "/subscriptions/02cb372f-c8c5-4a0c-b9f4-574eeb4d6d38/resourcegroups/2021-fall-tdarlington-rg/providers/microsoft.compute/availabilitysets/tom-vm-avset",
            "boot_diagnostics": [
              {
                "enabled": false,
                "storage_uri": ""
              }
            ],
            "delete_data_disks_on_termination": false,
            "delete_os_disk_on_termination": true,
            "id": "/subscriptions/02cb372f-c8c5-4a0c-b9f4-574eeb4d6d38/resourceGroups/2021-fall-tdarlington-rg/providers/Microsoft.Compute/virtualMachines/Tom-VM-vmLinux-0",
            "identity": [],
            "license_type": null,
            "location": "eastus",
            "name": "Tom-VM-vmLinux-0",
            "network_interface_ids": [
              "/subscriptions/02cb372f-c8c5-4a0c-b9f4-574eeb4d6d38/resourceGroups/2021-fall-tdarlington-rg/providers/Microsoft.Network/networkInterfaces/Tom-VM-nic-0"
            ],
            "os_profile": [
              {
                "admin_password": "",
                "admin_username": "azureuser",
                "computer_name": "Tom-VM-0",
                "custom_data": ""
              }
            ],
            "os_profile_linux_config": [
              {
                "disable_password_authentication": true,
                "ssh_keys": [
                  {
                    "key_data": "ssh-rsa AAAAB3NzaC1yc2EAAAADAQABAAABgQDFh5a9BexRJoesZGLXM1q6PjBJfUumXdvYgVE6Mhp7CC1SdGbXdQT7/o3Yt88IofdwwsNR/kr09txm0x2iEeGwNQ1DulG5+kMZfdkrvRlx59QFqn+r9CZavEMc3oGdkqoXeBHRVP3Or4FGjkMmicFVQAmoRekgUeAZIDIPOOtEraF3wRlIeP0em6JQLaoKMumYCTqKtFnYlHMTsXDJnKggO8KZhrp1qmn/j+oMkHyfE4GYs24mZftvzQ9OhtjaajLYEfFsF8RWMnIlNO64z2+4lsWIMZK7KDXCaHKhJAT2m2njZWIvFrUfDsZfPLr+5MEO9/m0hzEPHrn2Y42ytoedt090xW5dcUn+BUAqiXXNObmlQKb6rceHDxnNLbS+C8pUe3lN0ixCR4+h9mC9b5ovlWTFVdSURs/V9o9nzyHh4kfksnlb3JpjASy+mG/zfZ2evPZ1NsoTZmcQke+/TrqQez/3QMJa3lciQbai3kFSyzzlAvFQF072eYc4jENiuB0= generated-by-azure\n",
                    "path": "/home/azureuser/.ssh/authorized_keys"
                  }
                ]
              }
            ],
            "os_profile_secrets": [],
            "os_profile_windows_config": [],
            "plan": [],
            "primary_network_interface_id": null,
            "proximity_placement_group_id": null,
            "resource_group_name": "2021-fall-tdarlington-rg",
            "storage_data_disk": [],
            "storage_image_reference": [
              {
                "id": "",
                "offer": "UbuntuServer",
                "publisher": "Canonical",
                "sku": "18.04-LTS",
                "version": "latest"
              }
            ],
            "storage_os_disk": [
              {
                "caching": "ReadWrite",
                "create_option": "FromImage",
                "disk_size_gb": 30,
                "image_uri": "",
                "managed_disk_id": "/subscriptions/02cb372f-c8c5-4a0c-b9f4-574eeb4d6d38/resourceGroups/2021-fall-tdarlington-rg/providers/Microsoft.Compute/disks/osdisk-Tom-VM-0",
                "managed_disk_type": "Premium_LRS",
                "name": "osdisk-Tom-VM-0",
                "os_type": "Linux",
                "vhd_uri": "",
                "write_accelerator_enabled": false
              }
            ],
            "tags": {
              "source": "terraform"
            },
            "timeouts": null,
            "vm_size": "Standard_B1s",
            "zones": []
          },
          "sensitive_attributes": [],
          "private": "eyJlMmJmYjczMC1lY2FhLTExZTYtOGY4OC0zNDM2M2JjN2M0YzAiOnsiY3JlYXRlIjozNjAwMDAwMDAwMDAwLCJkZWxldGUiOjM2MDAwMDAwMDAwMDAsInJlYWQiOjMwMDAwMDAwMDAwMCwidXBkYXRlIjozNjAwMDAwMDAwMDAwfX0=",
          "dependencies": [
            "module.linuxservers.azurerm_storage_account.vm-sa",
            "module.linuxservers.data.azurerm_resource_group.vm",
            "module.linuxservers.random_id.vm-sa",
            "module.network.azurerm_subnet.subnet",
            "module.network.azurerm_virtual_network.vnet",
            "module.linuxservers.azurerm_network_interface.vm",
            "module.linuxservers.azurerm_public_ip.vm",
            "module.network.data.azurerm_resource_group.network",
            "module.linuxservers.azurerm_availability_set.vm"
          ]
        }
      ]
    },
    {
      "module": "module.linuxservers",
      "mode": "managed",
      "type": "random_id",
      "name": "vm-sa",
      "provider": "provider[\"registry.terraform.io/hashicorp/random\"]",
      "instances": [
        {
          "schema_version": 0,
          "attributes": {
            "b64_std": "GC/jeAre",
            "b64_url": "GC_jeAre",
            "byte_length": 6,
            "dec": "26593958824670",
            "hex": "182fe3780ade",
            "id": "GC_jeAre",
            "keepers": {
              "vm_hostname": "Tom-VM"
            },
            "prefix": null
          },
          "sensitive_attributes": [],
          "private": "bnVsbA=="
        }
      ]
    },
    {
      "module": "module.network",
      "mode": "data",
      "type": "azurerm_resource_group",
      "name": "network",
      "provider": "provider[\"registry.terraform.io/hashicorp/azurerm\"]",
      "instances": [
        {
          "schema_version": 0,
          "attributes": {
            "id": "/subscriptions/02cb372f-c8c5-4a0c-b9f4-574eeb4d6d38/resourceGroups/2021-fall-tdarlington-rg",
            "location": "eastus",
            "name": "2021-fall-tdarlington-rg",
            "tags": {},
            "timeouts": null
          },
          "sensitive_attributes": []
        }
      ]
    },
    {
      "module": "module.network",
      "mode": "managed",
      "type": "azurerm_subnet",
      "name": "subnet",
      "provider": "provider[\"registry.terraform.io/hashicorp/azurerm\"]",
      "instances": [
        {
          "index_key": 0,
          "schema_version": 0,
          "attributes": {
            "address_prefix": "10.0.1.0/24",
            "address_prefixes": [
              "10.0.1.0/24"
            ],
            "delegation": [],
            "enforce_private_link_endpoint_network_policies": false,
            "enforce_private_link_service_network_policies": false,
            "id": "/subscriptions/02cb372f-c8c5-4a0c-b9f4-574eeb4d6d38/resourceGroups/2021-fall-tdarlington-rg/providers/Microsoft.Network/virtualNetworks/acctvnet/subnets/subnet1",
            "name": "subnet1",
            "resource_group_name": "2021-fall-tdarlington-rg",
            "service_endpoint_policy_ids": [],
            "service_endpoints": [],
            "timeouts": null,
            "virtual_network_name": "acctvnet"
          },
          "sensitive_attributes": [],
          "private": "eyJlMmJmYjczMC1lY2FhLTExZTYtOGY4OC0zNDM2M2JjN2M0YzAiOnsiY3JlYXRlIjoxODAwMDAwMDAwMDAwLCJkZWxldGUiOjE4MDAwMDAwMDAwMDAsInJlYWQiOjMwMDAwMDAwMDAwMCwidXBkYXRlIjoxODAwMDAwMDAwMDAwfX0=",
          "dependencies": [
            "module.network.azurerm_virtual_network.vnet",
            "module.network.data.azurerm_resource_group.network"
          ]
        }
      ]
    },
    {
      "module": "module.network",
      "mode": "managed",
      "type": "azurerm_virtual_network",
      "name": "vnet",
      "provider": "provider[\"registry.terraform.io/hashicorp/azurerm\"]",
      "instances": [
        {
          "schema_version": 0,
          "attributes": {
            "address_space": [
              "10.0.0.0/16"
            ],
            "bgp_community": "",
            "ddos_protection_plan": [],
            "dns_servers": [],
            "guid": "7849f26d-c1c5-4078-afad-d4a70e12ed0c",
            "id": "/subscriptions/02cb372f-c8c5-4a0c-b9f4-574eeb4d6d38/resourceGroups/2021-fall-tdarlington-rg/providers/Microsoft.Network/virtualNetworks/acctvnet",
            "location": "eastus",
            "name": "acctvnet",
            "resource_group_name": "2021-fall-tdarlington-rg",
            "subnet": [
              {
                "address_prefix": "10.0.1.0/24",
                "id": "/subscriptions/02cb372f-c8c5-4a0c-b9f4-574eeb4d6d38/resourceGroups/2021-fall-tdarlington-rg/providers/Microsoft.Network/virtualNetworks/acctvnet/subnets/subnet1",
                "name": "subnet1",
                "security_group": ""
              }
            ],
            "tags": {
              "environment": "dev"
            },
            "timeouts": null,
            "vm_protection_enabled": false
          },
          "sensitive_attributes": [],
          "private": "eyJlMmJmYjczMC1lY2FhLTExZTYtOGY4OC0zNDM2M2JjN2M0YzAiOnsiY3JlYXRlIjoxODAwMDAwMDAwMDAwLCJkZWxldGUiOjE4MDAwMDAwMDAwMDAsInJlYWQiOjMwMDAwMDAwMDAwMCwidXBkYXRlIjoxODAwMDAwMDAwMDAwfX0=",
          "dependencies": [
            "module.network.data.azurerm_resource_group.network"
          ]
        }
      ]
    },
    {
      "module": "module.website",
      "mode": "managed",
      "type": "azurerm_storage_account",
      "name": "storage_account",
      "provider": "provider[\"registry.terraform.io/hashicorp/azurerm\"]",
      "instances": [
        {
          "schema_version": 2,
          "attributes": {
            "access_tier": "Hot",
            "account_kind": "StorageV2",
            "account_replication_type": "LRS",
            "account_tier": "Standard",
            "allow_blob_public_access": true,
            "blob_properties": [],
            "custom_domain": [],
            "enable_https_traffic_only": true,
            "id": "/subscriptions/02cb372f-c8c5-4a0c-b9f4-574eeb4d6d38/resourceGroups/2021-fall-tdarlington-rg/providers/Microsoft.Storage/storageAccounts/staticwebsitetdarlington",
            "identity": [],
            "is_hns_enabled": false,
            "large_file_share_enabled": null,
            "location": "centralus",
            "min_tls_version": "TLS1_0",
            "name": "staticwebsitetdarlington",
            "network_rules": [
              {
                "bypass": [
                  "AzureServices"
                ],
                "default_action": "Allow",
                "ip_rules": [],
                "virtual_network_subnet_ids": []
              }
            ],
            "primary_access_key": "7Jk1jvKuSyR6ZurCM/PXgxkw3BHJ+r9+qJQcyCyc1uU3tWaV3o+9lPZRKqOnFRdupYMN+Mb5eqUprpC64kw4Ag==",
            "primary_blob_connection_string": "DefaultEndpointsProtocol=https;BlobEndpoint=https://staticwebsitetdarlington.blob.core.windows.net/;AccountName=staticwebsitetdarlington;AccountKey=7Jk1jvKuSyR6ZurCM/PXgxkw3BHJ+r9+qJQcyCyc1uU3tWaV3o+9lPZRKqOnFRdupYMN+Mb5eqUprpC64kw4Ag==",
            "primary_blob_endpoint": "https://staticwebsitetdarlington.blob.core.windows.net/",
            "primary_blob_host": "staticwebsitetdarlington.blob.core.windows.net",
            "primary_connection_string": "DefaultEndpointsProtocol=https;AccountName=staticwebsitetdarlington;AccountKey=7Jk1jvKuSyR6ZurCM/PXgxkw3BHJ+r9+qJQcyCyc1uU3tWaV3o+9lPZRKqOnFRdupYMN+Mb5eqUprpC64kw4Ag==;EndpointSuffix=core.windows.net",
            "primary_dfs_endpoint": "https://staticwebsitetdarlington.dfs.core.windows.net/",
            "primary_dfs_host": "staticwebsitetdarlington.dfs.core.windows.net",
            "primary_file_endpoint": "https://staticwebsitetdarlington.file.core.windows.net/",
            "primary_file_host": "staticwebsitetdarlington.file.core.windows.net",
            "primary_location": "centralus",
            "primary_queue_endpoint": "https://staticwebsitetdarlington.queue.core.windows.net/",
            "primary_queue_host": "staticwebsitetdarlington.queue.core.windows.net",
            "primary_table_endpoint": "https://staticwebsitetdarlington.table.core.windows.net/",
            "primary_table_host": "staticwebsitetdarlington.table.core.windows.net",
            "primary_web_endpoint": "https://staticwebsitetdarlington.z19.web.core.windows.net/",
            "primary_web_host": "staticwebsitetdarlington.z19.web.core.windows.net",
            "queue_properties": [
              {
                "cors_rule": [],
                "hour_metrics": [
                  {
                    "enabled": true,
                    "include_apis": true,
                    "retention_policy_days": 7,
                    "version": "1.0"
                  }
                ],
                "logging": [
                  {
                    "delete": false,
                    "read": false,
                    "retention_policy_days": 0,
                    "version": "1.0",
                    "write": false
                  }
                ],
                "minute_metrics": [
                  {
                    "enabled": false,
                    "include_apis": false,
                    "retention_policy_days": 0,
                    "version": "1.0"
                  }
                ]
              }
            ],
            "resource_group_name": "2021-fall-tdarlington-rg",
            "secondary_access_key": "MtkSRMCeq0Ojlj/7zxLzwdNG713UsZWspzzY8E+DT2PsBc+SiZaI7LKSI/Dr3J9ei3PvWlVvjL+ANHgei1rEUA==",
            "secondary_blob_connection_string": "",
            "secondary_blob_endpoint": null,
            "secondary_blob_host": null,
            "secondary_connection_string": "DefaultEndpointsProtocol=https;AccountName=staticwebsitetdarlington;AccountKey=MtkSRMCeq0Ojlj/7zxLzwdNG713UsZWspzzY8E+DT2PsBc+SiZaI7LKSI/Dr3J9ei3PvWlVvjL+ANHgei1rEUA==;EndpointSuffix=core.windows.net",
            "secondary_dfs_endpoint": null,
            "secondary_dfs_host": null,
            "secondary_file_endpoint": null,
            "secondary_file_host": null,
            "secondary_location": "",
            "secondary_queue_endpoint": null,
            "secondary_queue_host": null,
            "secondary_table_endpoint": null,
            "secondary_table_host": null,
            "secondary_web_endpoint": null,
            "secondary_web_host": null,
            "static_website": [
              {
                "error_404_document": "",
                "index_document": "index.html"
              }
            ],
            "tags": null,
            "timeouts": null
          },
          "sensitive_attributes": [],
          "private": "eyJlMmJmYjczMC1lY2FhLTExZTYtOGY4OC0zNDM2M2JjN2M0YzAiOnsiY3JlYXRlIjozNjAwMDAwMDAwMDAwLCJkZWxldGUiOjM2MDAwMDAwMDAwMDAsInJlYWQiOjMwMDAwMDAwMDAwMCwidXBkYXRlIjozNjAwMDAwMDAwMDAwfSwic2NoZW1hX3ZlcnNpb24iOiIyIn0="
        }
      ]
    },
    {
      "module": "module.website",
      "mode": "managed",
      "type": "azurerm_storage_blob",
      "name": "example",
      "provider": "provider[\"registry.terraform.io/hashicorp/azurerm\"]",
      "instances": [
        {
          "schema_version": 1,
          "attributes": {
            "access_tier": "Hot",
            "content_md5": "",
            "content_type": "text/html",
            "id": "https://staticwebsitetdarlington.blob.core.windows.net/web/index.html",
            "metadata": {},
            "name": "index.html",
            "parallelism": 8,
            "size": 0,
            "source": null,
            "source_content": "\u003ch1\u003eThis is static content for Tom Darlington's website\u003c/h1\u003e",
            "source_uri": null,
            "storage_account_name": "staticwebsitetdarlington",
            "storage_container_name": "web",
            "timeouts": null,
            "type": "Block",
            "url": "https://staticwebsitetdarlington.blob.core.windows.net/web/index.html"
          },
          "sensitive_attributes": [],
          "private": "eyJlMmJmYjczMC1lY2FhLTExZTYtOGY4OC0zNDM2M2JjN2M0YzAiOnsiY3JlYXRlIjoxODAwMDAwMDAwMDAwLCJkZWxldGUiOjE4MDAwMDAwMDAwMDAsInJlYWQiOjMwMDAwMDAwMDAwMCwidXBkYXRlIjoxODAwMDAwMDAwMDAwfSwic2NoZW1hX3ZlcnNpb24iOiIxIn0=",
          "dependencies": [
            "module.website.azurerm_storage_account.storage_account",
            "module.website.azurerm_storage_container.container"
          ]
        }
      ]
    },
    {
      "module": "module.website",
      "mode": "managed",
      "type": "azurerm_storage_container",
      "name": "container",
      "provider": "provider[\"registry.terraform.io/hashicorp/azurerm\"]",
      "instances": [
        {
          "schema_version": 1,
          "attributes": {
            "container_access_type": "blob",
            "has_immutability_policy": false,
            "has_legal_hold": false,
            "id": "https://staticwebsitetdarlington.blob.core.windows.net/web",
            "metadata": {},
            "name": "web",
            "resource_manager_id": "/subscriptions/02cb372f-c8c5-4a0c-b9f4-574eeb4d6d38/resourceGroups/2021-fall-tdarlington-rg/providers/Microsoft.Storage/storageAccounts/staticwebsitetdarlington/blobServices/default/containers/web",
            "storage_account_name": "staticwebsitetdarlington",
            "timeouts": null
          },
          "sensitive_attributes": [],
          "private": "eyJlMmJmYjczMC1lY2FhLTExZTYtOGY4OC0zNDM2M2JjN2M0YzAiOnsiY3JlYXRlIjoxODAwMDAwMDAwMDAwLCJkZWxldGUiOjE4MDAwMDAwMDAwMDAsInJlYWQiOjMwMDAwMDAwMDAwMCwidXBkYXRlIjoxODAwMDAwMDAwMDAwfSwic2NoZW1hX3ZlcnNpb24iOiIxIn0=",
          "dependencies": [
            "module.website.azurerm_storage_account.storage_account"
          ]
        }
      ]
    }
  ]
}
